dependencies:
  '@types/node-telegram-bot-api': registry.nlark.com/@types/node-telegram-bot-api/0.51.4
  '@vercel/node': registry.nlark.com/@vercel/node/1.11.1
  costflow: registry.nlark.com/costflow/1.1.3
  node-telegram-bot-api: registry.nlark.com/node-telegram-bot-api/0.53.0
  typescript: registry.nlark.com/typescript/4.3.5
lockfileVersion: 5.2
packages:
  /arg/4.1.3:
    dev: false
    resolution:
      integrity: sha1-Jp/HrVuOQstjyJbVZmAXJhwUQIk=
      tarball: arg/download/arg-4.1.3.tgz?cache=0&other_urls=https%3A%2F%2Fregistry.npm.taobao.org%2Farg%2Fdownload%2Farg-4.1.3.tgz
  /asn1/0.2.4:
    dependencies:
      safer-buffer: 2.1.2
    dev: false
    resolution:
      integrity: sha1-jSR136tVO7M+d7VOWeiAu4ziMTY=
      tarball: asn1/download/asn1-0.2.4.tgz
  /assert-plus/1.0.0:
    dev: false
    engines:
      node: '>=0.8'
    resolution:
      integrity: sha1-8S4PPF13sLHN2RRpQuTpbB5N1SU=
      tarball: assert-plus/download/assert-plus-1.0.0.tgz
  /asynckit/0.4.0:
    dev: false
    resolution:
      integrity: sha1-x57Zf380y48robyXkLzDZkdLS3k=
      tarball: asynckit/download/asynckit-0.4.0.tgz
  /aws-sign2/0.7.0:
    dev: false
    resolution:
      integrity: sha1-tG6JCTSpWR8tL2+G1+ap8bP+dqg=
      tarball: aws-sign2/download/aws-sign2-0.7.0.tgz
  /aws4/1.11.0:
    dev: false
    resolution:
      integrity: sha1-1h9G2DslGSUOJ4Ta9bCUeai0HFk=
      tarball: aws4/download/aws4-1.11.0.tgz
  /axios/0.21.1:
    dependencies:
      follow-redirects: registry.nlark.com/follow-redirects/1.14.1
    dev: false
    resolution:
      integrity: sha1-IlY0gZYvTWvemnbVFu8OXTwJsrg=
      tarball: axios/download/axios-0.21.1.tgz
  /bcrypt-pbkdf/1.0.2:
    dependencies:
      tweetnacl: 0.14.5
    dev: false
    resolution:
      integrity: sha1-pDAdOJtqQ/m2f/PKEaP2Y342Dp4=
      tarball: bcrypt-pbkdf/download/bcrypt-pbkdf-1.0.2.tgz
  /bl/1.2.3:
    dependencies:
      readable-stream: 2.3.7
      safe-buffer: 5.2.1
    dev: false
    resolution:
      integrity: sha1-Ho3YAULqyA1xWMnczAR/tiDgNec=
      tarball: bl/download/bl-1.2.3.tgz
  /bluebird/3.7.2:
    dev: false
    resolution:
      integrity: sha1-nyKcFb4nJFT/qXOs4NvueaGww28=
      tarball: bluebird/download/bluebird-3.7.2.tgz
  /buffer-from/1.1.1:
    dev: false
    resolution:
      integrity: sha1-MnE7wCj3XAL9txDXx7zsHyxgcO8=
      tarball: buffer-from/download/buffer-from-1.1.1.tgz
  /call-bind/1.0.2:
    dependencies:
      function-bind: 1.1.1
      get-intrinsic: 1.1.1
    dev: false
    resolution:
      integrity: sha1-sdTonmiBGcPJqQOtMKuy9qkZvjw=
      tarball: call-bind/download/call-bind-1.0.2.tgz
  /caseless/0.12.0:
    dev: false
    resolution:
      integrity: sha1-G2gcIf+EAzyCZUMJBolCDRhxUdw=
      tarball: caseless/download/caseless-0.12.0.tgz
  /combined-stream/1.0.8:
    dependencies:
      delayed-stream: 1.0.0
    dev: false
    engines:
      node: '>= 0.8'
    resolution:
      integrity: sha1-w9RaizT9cwYxoRCoolIGgrMdWn8=
      tarball: combined-stream/download/combined-stream-1.0.8.tgz
  /core-util-is/1.0.2:
    dev: false
    resolution:
      integrity: sha1-tf1UIgqivFq1eqtxQMlAdUUDwac=
      tarball: core-util-is/download/core-util-is-1.0.2.tgz
  /dashdash/1.14.1:
    dependencies:
      assert-plus: 1.0.0
    dev: false
    engines:
      node: '>=0.10'
    resolution:
      integrity: sha1-hTz6D3y+L+1d4gMmuN1YEDX24vA=
      tarball: dashdash/download/dashdash-1.14.1.tgz
  /define-properties/1.1.3:
    dependencies:
      object-keys: 1.1.1
    dev: false
    engines:
      node: '>= 0.4'
    resolution:
      integrity: sha1-z4jabL7ib+bbcJT2HYcMvYTO6fE=
      tarball: define-properties/download/define-properties-1.1.3.tgz
  /delayed-stream/1.0.0:
    dev: false
    engines:
      node: '>=0.4.0'
    resolution:
      integrity: sha1-3zrhmayt+31ECqrgsp4icrJOxhk=
      tarball: delayed-stream/download/delayed-stream-1.0.0.tgz
  /depd/1.1.2:
    dev: false
    engines:
      node: '>= 0.6'
    resolution:
      integrity: sha1-m81S4UwJd2PnSbJ0xDRu0uVgtak=
      tarball: depd/download/depd-1.1.2.tgz
  /diff/4.0.2:
    dev: false
    engines:
      node: '>=0.3.1'
    resolution:
      integrity: sha1-YPOuy4nV+uUgwRqhnvwruYKq3n0=
      tarball: diff/download/diff-4.0.2.tgz?cache=0&sync_timestamp=1604902500697&other_urls=https%3A%2F%2Fregistry.npm.taobao.org%2Fdiff%2Fdownload%2Fdiff-4.0.2.tgz
  /ecc-jsbn/0.1.2:
    dependencies:
      jsbn: 0.1.1
      safer-buffer: 2.1.2
    dev: false
    resolution:
      integrity: sha1-OoOpBOVDUyh4dMVkt1SThoSamMk=
      tarball: ecc-jsbn/download/ecc-jsbn-0.1.2.tgz
  /end-of-stream/1.4.4:
    dependencies:
      once: 1.4.0
    dev: false
    resolution:
      integrity: sha1-WuZKX0UFe682JuwU2gyl5LJDHrA=
      tarball: end-of-stream/download/end-of-stream-1.4.4.tgz
  /es-to-primitive/1.2.1:
    dependencies:
      is-callable: 1.2.3
      is-date-object: registry.nlark.com/is-date-object/1.0.4
      is-symbol: registry.nlark.com/is-symbol/1.0.4
    dev: false
    engines:
      node: '>= 0.4'
    resolution:
      integrity: sha1-5VzUyc3BiLzvsDs2bHNjI/xciYo=
      tarball: es-to-primitive/download/es-to-primitive-1.2.1.tgz
  /eventemitter3/3.1.2:
    dev: false
    resolution:
      integrity: sha1-LT1I+cNGaY/Og6hdfWZOmFNd9uc=
      tarball: eventemitter3/download/eventemitter3-3.1.2.tgz
  /extend/3.0.2:
    dev: false
    resolution:
      integrity: sha1-+LETa0Bx+9jrFAr/hYsQGewpFfo=
      tarball: extend/download/extend-3.0.2.tgz
  /extsprintf/1.3.0:
    dev: false
    engines:
      '0': node >=0.6.0
    resolution:
      integrity: sha1-lpGEQOMEGnpBT4xS48V06zw+HgU=
      tarball: extsprintf/download/extsprintf-1.3.0.tgz
  /fast-deep-equal/3.1.3:
    dev: false
    resolution:
      integrity: sha1-On1WtVnWy8PrUSMlJE5hmmXGxSU=
      tarball: fast-deep-equal/download/fast-deep-equal-3.1.3.tgz?cache=0&sync_timestamp=1591601795037&other_urls=https%3A%2F%2Fregistry.npm.taobao.org%2Ffast-deep-equal%2Fdownload%2Ffast-deep-equal-3.1.3.tgz
  /fast-json-stable-stringify/2.1.0:
    dev: false
    resolution:
      integrity: sha1-h0v2nG9ATCtdmcSBNBOZ/VWJJjM=
      tarball: fast-json-stable-stringify/download/fast-json-stable-stringify-2.1.0.tgz
  /forever-agent/0.6.1:
    dev: false
    resolution:
      integrity: sha1-+8cfDEGt6zf5bFd60e1C2P2sypE=
      tarball: forever-agent/download/forever-agent-0.6.1.tgz
  /form-data/2.3.3:
    dependencies:
      asynckit: 0.4.0
      combined-stream: 1.0.8
      mime-types: registry.nlark.com/mime-types/2.1.31
    dev: false
    engines:
      node: '>= 0.12'
    resolution:
      integrity: sha1-3M5SwF9kTymManq5Nr1yTO/786Y=
      tarball: form-data/download/form-data-2.3.3.tgz
  /form-data/2.5.1:
    dependencies:
      asynckit: 0.4.0
      combined-stream: 1.0.8
      mime-types: registry.nlark.com/mime-types/2.1.31
    dev: false
    engines:
      node: '>= 0.12'
    resolution:
      integrity: sha1-8svsV7XlniNxbhKP5E1OXdI4lfQ=
      tarball: form-data/download/form-data-2.5.1.tgz
  /function-bind/1.1.1:
    dev: false
    resolution:
      integrity: sha1-pWiZ0+o8m6uHS7l3O3xe3pL0iV0=
      tarball: function-bind/download/function-bind-1.1.1.tgz
  /get-intrinsic/1.1.1:
    dependencies:
      function-bind: 1.1.1
      has: 1.0.3
      has-symbols: 1.0.2
    dev: false
    resolution:
      integrity: sha1-FfWfN2+FXERpY5SPDSTNNje0q8Y=
      tarball: get-intrinsic/download/get-intrinsic-1.1.1.tgz
  /getpass/0.1.7:
    dependencies:
      assert-plus: 1.0.0
    dev: false
    resolution:
      integrity: sha1-Xv+OPmhNVprkyysSgmBOi6YhSfo=
      tarball: getpass/download/getpass-0.1.7.tgz
  /har-schema/2.0.0:
    dev: false
    engines:
      node: '>=4'
    resolution:
      integrity: sha1-qUwiJOvKwEeCoNkDVSHyRzW37JI=
      tarball: har-schema/download/har-schema-2.0.0.tgz
  /har-validator/5.1.5:
    dependencies:
      ajv: registry.nlark.com/ajv/6.12.6
      har-schema: 2.0.0
    deprecated: this library is no longer supported
    dev: false
    engines:
      node: '>=6'
    resolution:
      integrity: sha1-HwgDufjLIMD6E4It8ezds2veHv0=
      tarball: har-validator/download/har-validator-5.1.5.tgz
  /has-bigints/1.0.1:
    dev: false
    resolution:
      integrity: sha1-ZP5qywIGc+O3jbA1pa9pqp0HsRM=
      tarball: has-bigints/download/has-bigints-1.0.1.tgz
  /has-symbols/1.0.2:
    dev: false
    engines:
      node: '>= 0.4'
    resolution:
      integrity: sha1-Fl0wcMADCXUqEjakeTMeOsVvFCM=
      tarball: has-symbols/download/has-symbols-1.0.2.tgz
  /has/1.0.3:
    dependencies:
      function-bind: 1.1.1
    dev: false
    engines:
      node: '>= 0.4.0'
    resolution:
      integrity: sha1-ci18v8H2qoJB8W3YFOAR4fQeh5Y=
      tarball: has/download/has-1.0.3.tgz
  /http-signature/1.2.0:
    dependencies:
      assert-plus: 1.0.0
      jsprim: 1.4.1
      sshpk: 1.16.1
    dev: false
    engines:
      node: '>=0.8'
      npm: '>=1.3.7'
    resolution:
      integrity: sha1-muzZJRFHcvPZW2WmCruPfBj7rOE=
      tarball: http-signature/download/http-signature-1.2.0.tgz
  /inherits/2.0.4:
    dev: false
    resolution:
      integrity: sha1-D6LGT5MpF8NDOg3tVTY6rjdBa3w=
      tarball: inherits/download/inherits-2.0.4.tgz
  /is-callable/1.2.3:
    dev: false
    engines:
      node: '>= 0.4'
    resolution:
      integrity: sha1-ix4FALc6HXbHBIdjbzaOUZ3o244=
      tarball: is-callable/download/is-callable-1.2.3.tgz
  /is-negative-zero/2.0.1:
    dev: false
    engines:
      node: '>= 0.4'
    resolution:
      integrity: sha1-PedGwY3aIxkkGlNnWQjY92bxHCQ=
      tarball: is-negative-zero/download/is-negative-zero-2.0.1.tgz
  /is-typedarray/1.0.0:
    dev: false
    resolution:
      integrity: sha1-5HnICFjfDBsR3dppQPlgEfzaSpo=
      tarball: is-typedarray/download/is-typedarray-1.0.0.tgz
  /isarray/1.0.0:
    dev: false
    resolution:
      integrity: sha1-u5NdSFgsuhaMBoNJV6VKPgcSTxE=
      tarball: isarray/download/isarray-1.0.0.tgz
  /isstream/0.1.2:
    dev: false
    resolution:
      integrity: sha1-R+Y/evVa+m+S4VAOaQ64uFKcCZo=
      tarball: isstream/download/isstream-0.1.2.tgz
  /jsbn/0.1.1:
    dev: false
    resolution:
      integrity: sha1-peZUwuWi3rXyAdls77yoDA7y9RM=
      tarball: jsbn/download/jsbn-0.1.1.tgz
  /json-schema-traverse/0.4.1:
    dev: false
    resolution:
      integrity: sha1-afaofZUTq4u4/mO9sJecRI5oRmA=
      tarball: json-schema-traverse/download/json-schema-traverse-0.4.1.tgz
  /json-schema/0.2.3:
    dev: false
    resolution:
      integrity: sha1-tIDIkuWaLwWVTOcnvT8qTogvnhM=
      tarball: json-schema/download/json-schema-0.2.3.tgz
  /json-stringify-safe/5.0.1:
    dev: false
    resolution:
      integrity: sha1-Epai1Y/UXxmg9s4B1lcB4sc1tus=
      tarball: json-stringify-safe/download/json-stringify-safe-5.0.1.tgz
  /jsprim/1.4.1:
    dependencies:
      assert-plus: 1.0.0
      extsprintf: 1.3.0
      json-schema: 0.2.3
      verror: 1.10.0
    dev: false
    engines:
      '0': node >=0.6.0
    resolution:
      integrity: sha1-MT5mvB5cwG5Di8G3SZwuXFastqI=
      tarball: jsprim/download/jsprim-1.4.1.tgz
  /lodash/4.17.21:
    dev: false
    resolution:
      integrity: sha1-Z5WRxWTDv/quhFTPCz3zcMPWkRw=
      tarball: lodash/download/lodash-4.17.21.tgz
  /make-error/1.3.6:
    dev: false
    resolution:
      integrity: sha1-LrLjfqm2fEiR9oShOUeZr0hM96I=
      tarball: make-error/download/make-error-1.3.6.tgz
  /mime/1.6.0:
    dev: false
    engines:
      node: '>=4'
    hasBin: true
    resolution:
      integrity: sha1-Ms2eXGRVO9WNGaVor0Uqz/BJgbE=
      tarball: mime/download/mime-1.6.0.tgz
  /ms/2.1.3:
    dev: false
    resolution:
      integrity: sha1-V0yBOM4dK1hh8LRFedut1gxmFbI=
      tarball: ms/download/ms-2.1.3.tgz?cache=0&sync_timestamp=1607436580765&other_urls=https%3A%2F%2Fregistry.npm.taobao.org%2Fms%2Fdownload%2Fms-2.1.3.tgz
  /oauth-sign/0.9.0:
    dev: false
    resolution:
      integrity: sha1-R6ewFrqmi1+g7PPe4IqFxnmsZFU=
      tarball: oauth-sign/download/oauth-sign-0.9.0.tgz
  /object-keys/1.1.1:
    dev: false
    engines:
      node: '>= 0.4'
    resolution:
      integrity: sha1-HEfyct8nfzsdrwYWd9nILiMixg4=
      tarball: object-keys/download/object-keys-1.1.1.tgz
  /object.assign/4.1.2:
    dependencies:
      call-bind: 1.0.2
      define-properties: 1.1.3
      has-symbols: 1.0.2
      object-keys: 1.1.1
    dev: false
    engines:
      node: '>= 0.4'
    resolution:
      integrity: sha1-DtVKNC7Os3s4/3brgxoOeIy2OUA=
      tarball: object.assign/download/object.assign-4.1.2.tgz
  /once/1.4.0:
    dependencies:
      wrappy: registry.nlark.com/wrappy/1.0.2
    dev: false
    resolution:
      integrity: sha1-WDsap3WWHUsROsF9nFC6753Xa9E=
      tarball: once/download/once-1.4.0.tgz
  /performance-now/2.1.0:
    dev: false
    resolution:
      integrity: sha1-Ywn04OX6kT7BxpMHrjZLSzd8nns=
      tarball: performance-now/download/performance-now-2.1.0.tgz
  /process-nextick-args/2.0.1:
    dev: false
    resolution:
      integrity: sha1-eCDZsWEgzFXKmud5JoCufbptf+I=
      tarball: process-nextick-args/download/process-nextick-args-2.0.1.tgz
  /psl/1.8.0:
    dev: false
    resolution:
      integrity: sha1-kyb4vPsBOtzABf3/BWrM4CDlHCQ=
      tarball: psl/download/psl-1.8.0.tgz
  /pump/2.0.1:
    dependencies:
      end-of-stream: 1.4.4
      once: 1.4.0
    dev: false
    resolution:
      integrity: sha1-Ejma3W5M91Jtlzy8i1zi4pCLOQk=
      tarball: pump/download/pump-2.0.1.tgz
  /punycode/2.1.1:
    dev: false
    engines:
      node: '>=6'
    resolution:
      integrity: sha1-tYsBCsQMIsVldhbI0sLALHv0eew=
      tarball: punycode/download/punycode-2.1.1.tgz
  /qs/6.5.2:
    dev: false
    engines:
      node: '>=0.6'
    resolution:
      integrity: sha1-yzroBuh0BERYTvFUzo7pjUA/PjY=
      tarball: qs/download/qs-6.5.2.tgz?cache=0&sync_timestamp=1616385641529&other_urls=https%3A%2F%2Fregistry.npm.taobao.org%2Fqs%2Fdownload%2Fqs-6.5.2.tgz
  /readable-stream/2.3.7:
    dependencies:
      core-util-is: 1.0.2
      inherits: 2.0.4
      isarray: 1.0.0
      process-nextick-args: 2.0.1
      safe-buffer: 5.1.2
      string_decoder: 1.1.1
      util-deprecate: 1.0.2
    dev: false
    resolution:
      integrity: sha1-Hsoc9xGu+BTAT2IlKjamL2yyO1c=
      tarball: readable-stream/download/readable-stream-2.3.7.tgz
  /request-promise-core/1.1.4_request@2.88.2:
    dependencies:
      lodash: 4.17.21
      request: 2.88.2
    dev: false
    engines:
      node: '>=0.10.0'
    peerDependencies:
      request: ^2.34
    resolution:
      integrity: sha1-Pu3UIjII1BmGe3jOgVFn0QWToi8=
      tarball: request-promise-core/download/request-promise-core-1.1.4.tgz?cache=0&other_urls=https%3A%2F%2Fregistry.npm.taobao.org%2Frequest-promise-core%2Fdownload%2Frequest-promise-core-1.1.4.tgz
  /request/2.88.2:
    dependencies:
      aws-sign2: 0.7.0
      aws4: 1.11.0
      caseless: 0.12.0
      combined-stream: 1.0.8
      extend: 3.0.2
      forever-agent: 0.6.1
      form-data: 2.3.3
      har-validator: 5.1.5
      http-signature: 1.2.0
      is-typedarray: 1.0.0
      isstream: 0.1.2
      json-stringify-safe: 5.0.1
      mime-types: registry.nlark.com/mime-types/2.1.31
      oauth-sign: 0.9.0
      performance-now: 2.1.0
      qs: 6.5.2
      safe-buffer: 5.2.1
      tough-cookie: 2.5.0
      tunnel-agent: 0.6.0
      uuid: registry.nlark.com/uuid/3.4.0
    deprecated: request has been deprecated, see https://github.com/request/request/issues/3142
    dev: false
    engines:
      node: '>= 6'
    resolution:
      integrity: sha1-1zyRhzHLWofaBH4gcjQUb2ZNErM=
      tarball: request/download/request-2.88.2.tgz
  /safe-buffer/5.1.2:
    dev: false
    resolution:
      integrity: sha1-mR7GnSluAxN0fVm9/St0XDX4go0=
      tarball: safe-buffer/download/safe-buffer-5.1.2.tgz
  /safe-buffer/5.2.1:
    dev: false
    resolution:
      integrity: sha1-Hq+fqb2x/dTsdfWPnNtOa3gn7sY=
      tarball: safe-buffer/download/safe-buffer-5.2.1.tgz
  /safer-buffer/2.1.2:
    dev: false
    resolution:
      integrity: sha1-RPoWGwGHuVSd2Eu5GAL5vYOFzWo=
      tarball: safer-buffer/download/safer-buffer-2.1.2.tgz
  /source-map-support/0.5.19:
    dependencies:
      buffer-from: 1.1.1
      source-map: 0.6.1
    dev: false
    resolution:
      integrity: sha1-qYti+G3K9PZzmWSMCFKRq56P7WE=
      tarball: source-map-support/download/source-map-support-0.5.19.tgz
  /source-map/0.6.1:
    dev: false
    engines:
      node: '>=0.10.0'
    resolution:
      integrity: sha1-dHIq8y6WFOnCh6jQu95IteLxomM=
      tarball: source-map/download/source-map-0.6.1.tgz
  /sshpk/1.16.1:
    dependencies:
      asn1: 0.2.4
      assert-plus: 1.0.0
      bcrypt-pbkdf: 1.0.2
      dashdash: 1.14.1
      ecc-jsbn: 0.1.2
      getpass: 0.1.7
      jsbn: 0.1.1
      safer-buffer: 2.1.2
      tweetnacl: 0.14.5
    dev: false
    engines:
      node: '>=0.10.0'
    hasBin: true
    resolution:
      integrity: sha1-+2YcC+8ps520B2nuOfpwCT1vaHc=
      tarball: sshpk/download/sshpk-1.16.1.tgz
  /stealthy-require/1.1.1:
    dev: false
    engines:
      node: '>=0.10.0'
    resolution:
      integrity: sha1-NbCYdbT/SfJqd35QmzCQoyJr8ks=
      tarball: stealthy-require/download/stealthy-require-1.1.1.tgz
  /string.prototype.trimend/1.0.4:
    dependencies:
      call-bind: 1.0.2
      define-properties: 1.1.3
    dev: false
    resolution:
      integrity: sha1-51rpDClCxjUEaGwYsoe0oLGkX4A=
      tarball: string.prototype.trimend/download/string.prototype.trimend-1.0.4.tgz?cache=0&sync_timestamp=1614128065657&other_urls=https%3A%2F%2Fregistry.npm.taobao.org%2Fstring.prototype.trimend%2Fdownload%2Fstring.prototype.trimend-1.0.4.tgz
  /string.prototype.trimstart/1.0.4:
    dependencies:
      call-bind: 1.0.2
      define-properties: 1.1.3
    dev: false
    resolution:
      integrity: sha1-s2OZr0qymZtMnGSL16P7K7Jv7u0=
      tarball: string.prototype.trimstart/download/string.prototype.trimstart-1.0.4.tgz?cache=0&sync_timestamp=1614128061033&other_urls=https%3A%2F%2Fregistry.npm.taobao.org%2Fstring.prototype.trimstart%2Fdownload%2Fstring.prototype.trimstart-1.0.4.tgz
  /string_decoder/1.1.1:
    dependencies:
      safe-buffer: 5.1.2
    dev: false
    resolution:
      integrity: sha1-nPFhG6YmhdcDCunkujQUnDrwP8g=
      tarball: string_decoder/download/string_decoder-1.1.1.tgz
  /tough-cookie/2.5.0:
    dependencies:
      psl: 1.8.0
      punycode: 2.1.1
    dev: false
    engines:
      node: '>=0.8'
    resolution:
      integrity: sha1-zZ+yoKodWhK0c72fuW+j3P9lreI=
      tarball: tough-cookie/download/tough-cookie-2.5.0.tgz
  /tunnel-agent/0.6.0:
    dependencies:
      safe-buffer: 5.2.1
    dev: false
    resolution:
      integrity: sha1-J6XeoGs2sEoKmWZ3SykIaPD8QP0=
      tarball: tunnel-agent/download/tunnel-agent-0.6.0.tgz
  /tweetnacl/0.14.5:
    dev: false
    resolution:
      integrity: sha1-WuaBd/GS1EViadEIr6k/+HQ/T2Q=
      tarball: tweetnacl/download/tweetnacl-0.14.5.tgz
  /unbox-primitive/1.0.1:
    dependencies:
      function-bind: 1.1.1
      has-bigints: 1.0.1
      has-symbols: 1.0.2
      which-boxed-primitive: 1.0.2
    dev: false
    resolution:
      integrity: sha1-CF4hViXsMWJXTciFmr7nilmxRHE=
      tarball: unbox-primitive/download/unbox-primitive-1.0.1.tgz
  /uri-js/4.4.1:
    dependencies:
      punycode: 2.1.1
    dev: false
    resolution:
      integrity: sha1-mxpSWVIlhZ5V9mnZKPiMbFfyp34=
      tarball: uri-js/download/uri-js-4.4.1.tgz
  /util-deprecate/1.0.2:
    dev: false
    resolution:
      integrity: sha1-RQ1Nyfpw3nMnYvvS1KKJgUGaDM8=
      tarball: util-deprecate/download/util-deprecate-1.0.2.tgz
  /verror/1.10.0:
    dependencies:
      assert-plus: 1.0.0
      core-util-is: 1.0.2
      extsprintf: 1.3.0
    dev: false
    engines:
      '0': node >=0.6.0
    resolution:
      integrity: sha1-OhBcoXBTr1XW4nDB+CiGguGNpAA=
      tarball: verror/download/verror-1.10.0.tgz
  /which-boxed-primitive/1.0.2:
    dependencies:
      is-bigint: registry.nlark.com/is-bigint/1.0.2
      is-boolean-object: registry.nlark.com/is-boolean-object/1.1.1
      is-number-object: registry.nlark.com/is-number-object/1.0.5
      is-string: registry.nlark.com/is-string/1.0.6
      is-symbol: registry.nlark.com/is-symbol/1.0.4
    dev: false
    resolution:
      integrity: sha1-E3V7yJsgmwSf5dhkMOIc9AqJqOY=
      tarball: which-boxed-primitive/download/which-boxed-primitive-1.0.2.tgz
  /yn/3.1.1:
    dev: false
    engines:
      node: '>=6'
    resolution:
      integrity: sha1-HodAGgnXZ8HV6rJqbkwYUYLS61A=
      tarball: yn/download/yn-3.1.1.tgz
  registry.nlark.com/@types/caseless/0.12.2:
    dev: false
    name: '@types/caseless'
    resolution:
      integrity: sha1-9l09Y4ngHutFi9VNyPUrlalGO8g=
      registry: https://registry.npm.taobao.org/
      tarball: https://registry.nlark.com/@types/caseless/download/@types/caseless-0.12.2.tgz
    version: 0.12.2
  registry.nlark.com/@types/node-telegram-bot-api/0.51.4:
    dependencies:
      '@types/node': registry.nlark.com/@types/node/16.3.3
      '@types/request': registry.nlark.com/@types/request/2.48.6
    dev: false
    name: '@types/node-telegram-bot-api'
    resolution:
      integrity: sha1-nuwk2nn/VJzdKTh7Z6xLpe5K7mI=
      registry: https://registry.npm.taobao.org/
      tarball: https://registry.nlark.com/@types/node-telegram-bot-api/download/@types/node-telegram-bot-api-0.51.4.tgz
    version: 0.51.4
  registry.nlark.com/@types/node/16.3.3:
    dev: false
    name: '@types/node'
    resolution:
      integrity: sha1-DDCt/ze7vHpQ65tY+uKlBNDYgDg=
      registry: https://registry.npm.taobao.org/
      tarball: https://registry.nlark.com/@types/node/download/@types/node-16.3.3.tgz?cache=0&sync_timestamp=1626482431721&other_urls=https%3A%2F%2Fregistry.nlark.com%2F%40types%2Fnode%2Fdownload%2F%40types%2Fnode-16.3.3.tgz
    version: 16.3.3
  registry.nlark.com/@types/request/2.48.6:
    dependencies:
      '@types/caseless': registry.nlark.com/@types/caseless/0.12.2
      '@types/node': registry.nlark.com/@types/node/16.3.3
      '@types/tough-cookie': registry.nlark.com/@types/tough-cookie/4.0.1
      form-data: 2.5.1
    dev: false
    name: '@types/request'
    resolution:
      integrity: sha1-IwDn/EQxCPee+pDjvfNMbWD6idg=
      registry: https://registry.npm.taobao.org/
      tarball: https://registry.nlark.com/@types/request/download/@types/request-2.48.6.tgz
    version: 2.48.6
  registry.nlark.com/@types/tough-cookie/4.0.1:
    dev: false
    name: '@types/tough-cookie'
    resolution:
      integrity: sha1-j4DdllrYHz4bwm1vXHJ+Eych/0A=
      registry: https://registry.npm.taobao.org/
      tarball: https://registry.nlark.com/@types/tough-cookie/download/@types/tough-cookie-4.0.1.tgz
    version: 4.0.1
  registry.nlark.com/@vercel/node/1.11.1:
    dependencies:
      '@types/node': registry.nlark.com/@types/node/16.3.3
      ts-node: registry.nlark.com/ts-node/8.9.1_typescript@3.9.3
      typescript: registry.nlark.com/typescript/3.9.3
    dev: false
    name: '@vercel/node'
    resolution:
      integrity: sha1-NQDf9Ou0+pPnRR/6Ftyt6L4rswU=
      registry: https://registry.npm.taobao.org/
      tarball: https://registry.nlark.com/@vercel/node/download/@vercel/node-1.11.1.tgz
    version: 1.11.1
  registry.nlark.com/ajv/6.12.6:
    dependencies:
      fast-deep-equal: 3.1.3
      fast-json-stable-stringify: 2.1.0
      json-schema-traverse: 0.4.1
      uri-js: 4.4.1
    dev: false
    name: ajv
    resolution:
      integrity: sha1-uvWmLoArB9l3A0WG+MO69a3ybfQ=
      registry: https://registry.npm.taobao.org/
      tarball: https://registry.nlark.com/ajv/download/ajv-6.12.6.tgz
    version: 6.12.6
  registry.nlark.com/array.prototype.findindex/2.1.0:
    dependencies:
      define-properties: 1.1.3
      es-abstract: registry.nlark.com/es-abstract/1.18.3
    dev: false
    name: array.prototype.findindex
    resolution:
      integrity: sha1-9D+O2CMnTwczZH7kA7LAyXcal/4=
      registry: https://registry.npm.taobao.org/
      tarball: https://registry.nlark.com/array.prototype.findindex/download/array.prototype.findindex-2.1.0.tgz
    version: 2.1.0
  registry.nlark.com/costflow/1.1.3:
    dependencies:
      axios: 0.21.1
      dayjs: registry.nlark.com/dayjs/1.10.6
      lodash: 4.17.21
    dev: false
    engines:
      node: '>=8.0.0'
      npm: '>=5.0.0'
    name: costflow
    resolution:
      integrity: sha1-JEg1FRN3mvR0lRM0DJ3HDPZ1fPk=
      registry: https://registry.npm.taobao.org/
      tarball: https://registry.nlark.com/costflow/download/costflow-1.1.3.tgz
    version: 1.1.3
  registry.nlark.com/dayjs/1.10.6:
    dev: false
    name: dayjs
    resolution:
      integrity: sha1-KIsqqC8thBimydTfWJjAc3rQKmM=
      registry: https://registry.npm.taobao.org/
      tarball: https://registry.nlark.com/dayjs/download/dayjs-1.10.6.tgz
    version: 1.10.6
  registry.nlark.com/debug/3.2.7:
    dependencies:
      ms: 2.1.3
    dev: false
    name: debug
    resolution:
      integrity: sha1-clgLfpFF+zm2Z2+cXl+xALk0F5o=
      registry: https://registry.npm.taobao.org/
      tarball: https://registry.nlark.com/debug/download/debug-3.2.7.tgz
    version: 3.2.7
  registry.nlark.com/es-abstract/1.18.3:
    dependencies:
      call-bind: 1.0.2
      es-to-primitive: 1.2.1
      function-bind: 1.1.1
      get-intrinsic: 1.1.1
      has: 1.0.3
      has-symbols: 1.0.2
      is-callable: 1.2.3
      is-negative-zero: 2.0.1
      is-regex: registry.nlark.com/is-regex/1.1.3
      is-string: registry.nlark.com/is-string/1.0.6
      object-inspect: registry.nlark.com/object-inspect/1.11.0
      object-keys: 1.1.1
      object.assign: 4.1.2
      string.prototype.trimend: 1.0.4
      string.prototype.trimstart: 1.0.4
      unbox-primitive: 1.0.1
    dev: false
    engines:
      node: '>= 0.4'
    name: es-abstract
    resolution:
      integrity: sha1-JcTDOAonqiA8RLK2hbupTaMbY+A=
      registry: https://registry.npm.taobao.org/
      tarball: https://registry.nlark.com/es-abstract/download/es-abstract-1.18.3.tgz
    version: 1.18.3
  registry.nlark.com/file-type/3.9.0:
    dev: false
    engines:
      node: '>=0.10.0'
    name: file-type
    resolution:
      integrity: sha1-JXoHg4TR24CHvESdEH1SpSZyuek=
      registry: https://registry.npm.taobao.org/
      tarball: https://registry.nlark.com/file-type/download/file-type-3.9.0.tgz
    version: 3.9.0
  registry.nlark.com/follow-redirects/1.14.1:
    dev: false
    engines:
      node: '>=4.0'
    name: follow-redirects
    resolution:
      integrity: sha1-2RFN7Qoc/dM04WTmZirQK/2R/0M=
      registry: https://registry.npm.taobao.org/
      tarball: https://registry.nlark.com/follow-redirects/download/follow-redirects-1.14.1.tgz
    version: 1.14.1
  registry.nlark.com/is-bigint/1.0.2:
    dev: false
    name: is-bigint
    resolution:
      integrity: sha1-/7OBRCUDI1rSReqJ5Fs9v/BA7lo=
      registry: https://registry.npm.taobao.org/
      tarball: https://registry.nlark.com/is-bigint/download/is-bigint-1.0.2.tgz
    version: 1.0.2
  registry.nlark.com/is-boolean-object/1.1.1:
    dependencies:
      call-bind: 1.0.2
    dev: false
    engines:
      node: '>= 0.4'
    name: is-boolean-object
    resolution:
      integrity: sha1-PAh48DXLghIo01DS4eNnGXFqPeg=
      registry: https://registry.npm.taobao.org/
      tarball: https://registry.nlark.com/is-boolean-object/download/is-boolean-object-1.1.1.tgz
    version: 1.1.1
  registry.nlark.com/is-date-object/1.0.4:
    dev: false
    engines:
      node: '>= 0.4'
    name: is-date-object
    resolution:
      integrity: sha1-VQz8wDr62gXuo90wmBx7CVUfc+U=
      registry: https://registry.npm.taobao.org/
      tarball: https://registry.nlark.com/is-date-object/download/is-date-object-1.0.4.tgz?cache=0&sync_timestamp=1620453211183&other_urls=https%3A%2F%2Fregistry.nlark.com%2Fis-date-object%2Fdownload%2Fis-date-object-1.0.4.tgz
    version: 1.0.4
  registry.nlark.com/is-number-object/1.0.5:
    dev: false
    engines:
      node: '>= 0.4'
    name: is-number-object
    resolution:
      integrity: sha1-bt+u7XlQz/Ga/tzp+/yp7m3Sies=
      registry: https://registry.npm.taobao.org/
      tarball: https://registry.nlark.com/is-number-object/download/is-number-object-1.0.5.tgz
    version: 1.0.5
  registry.nlark.com/is-regex/1.1.3:
    dependencies:
      call-bind: 1.0.2
      has-symbols: 1.0.2
    dev: false
    engines:
      node: '>= 0.4'
    name: is-regex
    resolution:
      integrity: sha1-0Cn5r/ZEi5Prvj8z2scVEf3L758=
      registry: https://registry.npm.taobao.org/
      tarball: https://registry.nlark.com/is-regex/download/is-regex-1.1.3.tgz?cache=0&sync_timestamp=1620453211751&other_urls=https%3A%2F%2Fregistry.nlark.com%2Fis-regex%2Fdownload%2Fis-regex-1.1.3.tgz
    version: 1.1.3
  registry.nlark.com/is-string/1.0.6:
    dev: false
    engines:
      node: '>= 0.4'
    name: is-string
    resolution:
      integrity: sha1-P+XVmS+w2TQE8yWE1LAXmnG1Sl8=
      registry: https://registry.npm.taobao.org/
      tarball: https://registry.nlark.com/is-string/download/is-string-1.0.6.tgz?cache=0&sync_timestamp=1620449256544&other_urls=https%3A%2F%2Fregistry.nlark.com%2Fis-string%2Fdownload%2Fis-string-1.0.6.tgz
    version: 1.0.6
  registry.nlark.com/is-symbol/1.0.4:
    dependencies:
      has-symbols: 1.0.2
    dev: false
    engines:
      node: '>= 0.4'
    name: is-symbol
    resolution:
      integrity: sha1-ptrJO2NbBjymhyI23oiRClevE5w=
      registry: https://registry.npm.taobao.org/
      tarball: https://registry.nlark.com/is-symbol/download/is-symbol-1.0.4.tgz
    version: 1.0.4
  registry.nlark.com/mime-db/1.48.0:
    dev: false
    engines:
      node: '>= 0.6'
    name: mime-db
    resolution:
      integrity: sha1-41sxBF3X6to6qtU37YijOvvvLR0=
      registry: https://registry.npm.taobao.org/
      tarball: https://registry.nlark.com/mime-db/download/mime-db-1.48.0.tgz
    version: 1.48.0
  registry.nlark.com/mime-types/2.1.31:
    dependencies:
      mime-db: registry.nlark.com/mime-db/1.48.0
    dev: false
    engines:
      node: '>= 0.6'
    name: mime-types
    resolution:
      integrity: sha1-oA12t0MXxh+cLbIhi46fjpxcnms=
      registry: https://registry.npm.taobao.org/
      tarball: https://registry.nlark.com/mime-types/download/mime-types-2.1.31.tgz?cache=0&sync_timestamp=1622590248104&other_urls=https%3A%2F%2Fregistry.nlark.com%2Fmime-types%2Fdownload%2Fmime-types-2.1.31.tgz
    version: 2.1.31
  registry.nlark.com/node-telegram-bot-api/0.53.0:
    dependencies:
      array.prototype.findindex: registry.nlark.com/array.prototype.findindex/2.1.0
      bl: 1.2.3
      bluebird: 3.7.2
      debug: registry.nlark.com/debug/3.2.7
      depd: 1.1.2
      eventemitter3: 3.1.2
      file-type: registry.nlark.com/file-type/3.9.0
      mime: 1.6.0
      pump: 2.0.1
      request: 2.88.2
      request-promise: registry.nlark.com/request-promise/4.2.6_request@2.88.2
    dev: false
    engines:
      node: '>=0.12'
    name: node-telegram-bot-api
    resolution:
      integrity: sha1-Ewy7ptR8vaA8h8BZYS7D+jSVxxU=
      registry: https://registry.npm.taobao.org/
      tarball: https://registry.nlark.com/node-telegram-bot-api/download/node-telegram-bot-api-0.53.0.tgz
    version: 0.53.0
  registry.nlark.com/object-inspect/1.11.0:
    dev: false
    name: object-inspect
    resolution:
      integrity: sha1-nc6xRs7dQUig2eUauI00z1CZIrE=
      registry: https://registry.npm.taobao.org/
      tarball: https://registry.nlark.com/object-inspect/download/object-inspect-1.11.0.tgz
    version: 1.11.0
  registry.nlark.com/request-promise/4.2.6_request@2.88.2:
    dependencies:
      bluebird: 3.7.2
      request: 2.88.2
      request-promise-core: 1.1.4_request@2.88.2
      stealthy-require: 1.1.1
      tough-cookie: 2.5.0
    deprecated: request-promise has been deprecated because it extends the now deprecated request package, see https://github.com/request/request/issues/3142
    dev: false
    engines:
      node: '>=0.10.0'
    id: registry.nlark.com/request-promise/4.2.6
    name: request-promise
    peerDependencies:
      request: ^2.34
    resolution:
      integrity: sha1-fn5blXhjDm9ZjjgTwPjrNCon8KI=
      registry: https://registry.npm.taobao.org/
      tarball: https://registry.nlark.com/request-promise/download/request-promise-4.2.6.tgz
    version: 4.2.6
  registry.nlark.com/ts-node/8.9.1_typescript@3.9.3:
    dependencies:
      arg: 4.1.3
      diff: 4.0.2
      make-error: 1.3.6
      source-map-support: 0.5.19
      typescript: registry.nlark.com/typescript/3.9.3
      yn: 3.1.1
    dev: false
    engines:
      node: '>=6.0.0'
    hasBin: true
    id: registry.nlark.com/ts-node/8.9.1
    name: ts-node
    peerDependencies:
      typescript: '>=2.7'
    resolution:
      integrity: sha1-L4V/RsR+kdzSihTgUkgusUz9ZaU=
      registry: https://registry.npm.taobao.org/
      tarball: https://registry.nlark.com/ts-node/download/ts-node-8.9.1.tgz
    version: 8.9.1
  registry.nlark.com/typescript/3.9.3:
    dev: false
    engines:
      node: '>=4.2.0'
    hasBin: true
    name: typescript
    resolution:
      integrity: sha1-06yIg6l8JhOeQt9ek+7s4z1hC4o=
      registry: https://registry.npm.taobao.org/
      tarball: https://registry.nlark.com/typescript/download/typescript-3.9.3.tgz
    version: 3.9.3
  registry.nlark.com/typescript/4.3.5:
    dev: false
    engines:
      node: '>=4.2.0'
    hasBin: true
    name: typescript
    resolution:
      integrity: sha1-TRw3zBbok5c8RaBohrcRMjTxGfQ=
      registry: https://registry.npm.taobao.org/
      tarball: https://registry.nlark.com/typescript/download/typescript-4.3.5.tgz
    version: 4.3.5
  registry.nlark.com/uuid/3.4.0:
    dev: false
    hasBin: true
    name: uuid
    resolution:
      integrity: sha1-sj5DWK+oogL+ehAK8fX4g/AgB+4=
      registry: https://registry.npm.taobao.org/
      tarball: https://registry.nlark.com/uuid/download/uuid-3.4.0.tgz?cache=0&sync_timestamp=1622213308116&other_urls=https%3A%2F%2Fregistry.nlark.com%2Fuuid%2Fdownload%2Fuuid-3.4.0.tgz
    version: 3.4.0
  registry.nlark.com/wrappy/1.0.2:
    dev: false
    name: wrappy
    resolution:
      integrity: sha1-tSQ9jz7BqjXxNkYFvA0QNuMKtp8=
      registry: https://registry.npm.taobao.org/
      tarball: https://registry.nlark.com/wrappy/download/wrappy-1.0.2.tgz
    version: 1.0.2
specifiers:
  '@types/node-telegram-bot-api': ^0.51.4
  '@vercel/node': ^1.11.1
  costflow: ^1.1.3
  node-telegram-bot-api: ^0.53.0
  typescript: ^4.3.5
